// !$*UTF8*$!
{
	archiveVersion = 1;
	classes = {
	};
	objectVersion = 46;
	objects = {

/* Begin PBXBuildFile section */
		50025A3C1492960F00758A19 /* UIKit.framework in Frameworks */ = {isa = PBXBuildFile; fileRef = 50025A3B1492960F00758A19 /* UIKit.framework */; };
		50025A3E1492960F00758A19 /* Foundation.framework in Frameworks */ = {isa = PBXBuildFile; fileRef = 50025A3D1492960F00758A19 /* Foundation.framework */; };
		50025A401492960F00758A19 /* CoreGraphics.framework in Frameworks */ = {isa = PBXBuildFile; fileRef = 50025A3F1492960F00758A19 /* CoreGraphics.framework */; };
		50025A461492960F00758A19 /* InfoPlist.strings in Resources */ = {isa = PBXBuildFile; fileRef = 50025A441492960F00758A19 /* InfoPlist.strings */; };
		50025A481492960F00758A19 /* main.m in Sources */ = {isa = PBXBuildFile; fileRef = 50025A471492960F00758A19 /* main.m */; };
		50025A4C1492960F00758A19 /* InformaticsPALAppDelegate.m in Sources */ = {isa = PBXBuildFile; fileRef = 50025A4B1492960F00758A19 /* InformaticsPALAppDelegate.m */; };
		50025A5F1492970000758A19 /* ProfilesViewController.m in Sources */ = {isa = PBXBuildFile; fileRef = 50025A5D1492970000758A19 /* ProfilesViewController.m */; };
		50025A601492970000758A19 /* ProfilesViewController.xib in Resources */ = {isa = PBXBuildFile; fileRef = 50025A5E1492970000758A19 /* ProfilesViewController.xib */; };
		50025A641492975A00758A19 /* TimetableViewController.m in Sources */ = {isa = PBXBuildFile; fileRef = 50025A621492975A00758A19 /* TimetableViewController.m */; };
		50025A651492975A00758A19 /* TimetableViewController.xib in Resources */ = {isa = PBXBuildFile; fileRef = 50025A631492975A00758A19 /* TimetableViewController.xib */; };
		50025A691492981D00758A19 /* group.png in Resources */ = {isa = PBXBuildFile; fileRef = 50025A671492981D00758A19 /* group.png */; };
		50025A6A1492981D00758A19 /* group@2x.png in Resources */ = {isa = PBXBuildFile; fileRef = 50025A681492981D00758A19 /* group@2x.png */; };
		50025A6D1492982C00758A19 /* calendar.png in Resources */ = {isa = PBXBuildFile; fileRef = 50025A6B1492982C00758A19 /* calendar.png */; };
		50025A6E1492982C00758A19 /* calendar@2x.png in Resources */ = {isa = PBXBuildFile; fileRef = 50025A6C1492982C00758A19 /* calendar@2x.png */; };
		5008F04414E92450004A899A /* background.png in Resources */ = {isa = PBXBuildFile; fileRef = 5008F04314E92450004A899A /* background.png */; };
		5029B73F14E465C800D9345C /* icon.png in Resources */ = {isa = PBXBuildFile; fileRef = 5029B73E14E465C800D9345C /* icon.png */; };
		5029B74114E465CB00D9345C /* icon@2x.png in Resources */ = {isa = PBXBuildFile; fileRef = 5029B74014E465CB00D9345C /* icon@2x.png */; };
		5029B74314E465CE00D9345C /* Default.png in Resources */ = {isa = PBXBuildFile; fileRef = 5029B74214E465CE00D9345C /* Default.png */; };
		5029B74514E465D300D9345C /* Default@2x.png in Resources */ = {isa = PBXBuildFile; fileRef = 5029B74414E465D300D9345C /* Default@2x.png */; };
		503A8D5814E424EE009D3D18 /* SessionDetailViewController.m in Sources */ = {isa = PBXBuildFile; fileRef = 503A8D5614E424EE009D3D18 /* SessionDetailViewController.m */; };
		503A8D5914E424EE009D3D18 /* SessionDetailViewController.xib in Resources */ = {isa = PBXBuildFile; fileRef = 503A8D5714E424EE009D3D18 /* SessionDetailViewController.xib */; };
		503A8D5B14E43275009D3D18 /* EventKitUI.framework in Frameworks */ = {isa = PBXBuildFile; fileRef = 503A8D5A14E43275009D3D18 /* EventKitUI.framework */; };
		504750941493F8BC00DDE634 /* Profiles.plist in Resources */ = {isa = PBXBuildFile; fileRef = 504750931493F8BC00DDE634 /* Profiles.plist */; };
		5050952C14E929CF00D78897 /* EddK.png in Resources */ = {isa = PBXBuildFile; fileRef = 5050952A14E929CF00D78897 /* EddK.png */; };
		5050952D14E929CF00D78897 /* EddK@2x.png in Resources */ = {isa = PBXBuildFile; fileRef = 5050952B14E929CF00D78897 /* EddK@2x.png */; };
		5050953014E92A3A00D78897 /* MaxW.png in Resources */ = {isa = PBXBuildFile; fileRef = 5050952E14E92A3A00D78897 /* MaxW.png */; };
		5050953114E92A3A00D78897 /* MaxW@2x.png in Resources */ = {isa = PBXBuildFile; fileRef = 5050952F14E92A3A00D78897 /* MaxW@2x.png */; };
		5050953414E92A8500D78897 /* ChrisE.png in Resources */ = {isa = PBXBuildFile; fileRef = 5050953214E92A8500D78897 /* ChrisE.png */; };
		5050953514E92A8500D78897 /* ChrisE@2x.png in Resources */ = {isa = PBXBuildFile; fileRef = 5050953314E92A8500D78897 /* ChrisE@2x.png */; };
		5050953A14E92B0100D78897 /* ChrisL.png in Resources */ = {isa = PBXBuildFile; fileRef = 5050953614E92B0100D78897 /* ChrisL.png */; };
		5050953B14E92B0100D78897 /* ChrisL@2x.png in Resources */ = {isa = PBXBuildFile; fileRef = 5050953714E92B0100D78897 /* ChrisL@2x.png */; };
		5050953C14E92B0100D78897 /* LukeC.png in Resources */ = {isa = PBXBuildFile; fileRef = 5050953814E92B0100D78897 /* LukeC.png */; };
		5050953D14E92B0100D78897 /* LukeC@2x.png in Resources */ = {isa = PBXBuildFile; fileRef = 5050953914E92B0100D78897 /* LukeC@2x.png */; };
		5050954014E92B5E00D78897 /* RobJ.png in Resources */ = {isa = PBXBuildFile; fileRef = 5050953E14E92B5E00D78897 /* RobJ.png */; };
		5050954114E92B5E00D78897 /* RobJ@2x.png in Resources */ = {isa = PBXBuildFile; fileRef = 5050953F14E92B5E00D78897 /* RobJ@2x.png */; };
		5050954414E92B7D00D78897 /* DanielL.png in Resources */ = {isa = PBXBuildFile; fileRef = 5050954214E92B7D00D78897 /* DanielL.png */; };
		5050954514E92B7D00D78897 /* DanielL@2x.png in Resources */ = {isa = PBXBuildFile; fileRef = 5050954314E92B7D00D78897 /* DanielL@2x.png */; };
		5050954814E92BB200D78897 /* GeorgeM.png in Resources */ = {isa = PBXBuildFile; fileRef = 5050954614E92BB200D78897 /* GeorgeM.png */; };
		5050954914E92BB200D78897 /* GeorgeM@2x.png in Resources */ = {isa = PBXBuildFile; fileRef = 5050954714E92BB200D78897 /* GeorgeM@2x.png */; };
		50561D4114E3E93E00BAB564 /* DetailedProfileViewController.m in Sources */ = {isa = PBXBuildFile; fileRef = 50561D3F14E3E93E00BAB564 /* DetailedProfileViewController.m */; };
		50561D4214E3E93E00BAB564 /* DetailedProfileViewController.xib in Resources */ = {isa = PBXBuildFile; fileRef = 50561D4014E3E93E00BAB564 /* DetailedProfileViewController.xib */; };
		505CE28E14A0B28200AC1D50 /* Courses.plist in Resources */ = {isa = PBXBuildFile; fileRef = 505CE28D14A0B28200AC1D50 /* Courses.plist */; };
		506EB4A414E45BC9000E0A5D /* WebViewController.m in Sources */ = {isa = PBXBuildFile; fileRef = 506EB4A314E45BC9000E0A5D /* WebViewController.m */; };
		506EB4A714E45BE1000E0A5D /* WebViewController.xib in Resources */ = {isa = PBXBuildFile; fileRef = 506EB4A614E45BE1000E0A5D /* WebViewController.xib */; };
		5072299B14F6AB6800EC640E /* SettingsViewController.m in Sources */ = {isa = PBXBuildFile; fileRef = 5072299914F6AB6800EC640E /* SettingsViewController.m */; };
		5072299C14F6AB6800EC640E /* SettingsViewController.xib in Resources */ = {isa = PBXBuildFile; fileRef = 5072299A14F6AB6800EC640E /* SettingsViewController.xib */; };
		5072299F14F6AC0A00EC640E /* gear.png in Resources */ = {isa = PBXBuildFile; fileRef = 5072299D14F6AC0A00EC640E /* gear.png */; };
		507229A014F6AC0A00EC640E /* gear@2x.png in Resources */ = {isa = PBXBuildFile; fileRef = 5072299E14F6AC0A00EC640E /* gear@2x.png */; };
		507229A214F6AFF700EC640E /* Settings.plist in Resources */ = {isa = PBXBuildFile; fileRef = 507229A114F6AFF700EC640E /* Settings.plist */; };
		50821F5414E5A12400336A1F /* Reachability.m in Sources */ = {isa = PBXBuildFile; fileRef = 50821F5314E5A12400336A1F /* Reachability.m */; };
		50821F5514E5A14A00336A1F /* SystemConfiguration.framework in Frameworks */ = {isa = PBXBuildFile; fileRef = 50821F3A14E56CBE00336A1F /* SystemConfiguration.framework */; };
		50F10C1314E92BF5001BFF55 /* SamR.png in Resources */ = {isa = PBXBuildFile; fileRef = 50F10C1114E92BF5001BFF55 /* SamR.png */; };
		50F10C1414E92BF5001BFF55 /* SamR@2x.png in Resources */ = {isa = PBXBuildFile; fileRef = 50F10C1214E92BF5001BFF55 /* SamR@2x.png */; };
		50F10C1814E92C14001BFF55 /* SeanC.png in Resources */ = {isa = PBXBuildFile; fileRef = 50F10C1614E92C13001BFF55 /* SeanC.png */; };
		50F10C1914E92C14001BFF55 /* SeanC@2x.png in Resources */ = {isa = PBXBuildFile; fileRef = 50F10C1714E92C13001BFF55 /* SeanC@2x.png */; };
		50F10C1C14E92C5E001BFF55 /* OllieG.png in Resources */ = {isa = PBXBuildFile; fileRef = 50F10C1A14E92C5E001BFF55 /* OllieG.png */; };
		50F10C1D14E92C5E001BFF55 /* OllieG@2x.png in Resources */ = {isa = PBXBuildFile; fileRef = 50F10C1B14E92C5E001BFF55 /* OllieG@2x.png */; };
		50F10C2014E92C83001BFF55 /* MaxH.png in Resources */ = {isa = PBXBuildFile; fileRef = 50F10C1E14E92C83001BFF55 /* MaxH.png */; };
		50F10C2114E92C83001BFF55 /* MaxH@2x.png in Resources */ = {isa = PBXBuildFile; fileRef = 50F10C1F14E92C83001BFF55 /* MaxH@2x.png */; };
/* End PBXBuildFile section */

/* Begin PBXFileReference section */
		50025A371492960F00758A19 /* InformaticsPAL.app */ = {isa = PBXFileReference; explicitFileType = wrapper.application; includeInIndex = 0; path = InformaticsPAL.app; sourceTree = BUILT_PRODUCTS_DIR; };
		50025A3B1492960F00758A19 /* UIKit.framework */ = {isa = PBXFileReference; lastKnownFileType = wrapper.framework; name = UIKit.framework; path = System/Library/Frameworks/UIKit.framework; sourceTree = SDKROOT; };
		50025A3D1492960F00758A19 /* Foundation.framework */ = {isa = PBXFileReference; lastKnownFileType = wrapper.framework; name = Foundation.framework; path = System/Library/Frameworks/Foundation.framework; sourceTree = SDKROOT; };
		50025A3F1492960F00758A19 /* CoreGraphics.framework */ = {isa = PBXFileReference; lastKnownFileType = wrapper.framework; name = CoreGraphics.framework; path = System/Library/Frameworks/CoreGraphics.framework; sourceTree = SDKROOT; };
		50025A431492960F00758A19 /* InformaticsPAL-Info.plist */ = {isa = PBXFileReference; lastKnownFileType = text.plist.xml; path = "InformaticsPAL-Info.plist"; sourceTree = "<group>"; };
		50025A451492960F00758A19 /* en */ = {isa = PBXFileReference; lastKnownFileType = text.plist.strings; name = en; path = en.lproj/InfoPlist.strings; sourceTree = "<group>"; };
		50025A471492960F00758A19 /* main.m */ = {isa = PBXFileReference; lastKnownFileType = sourcecode.c.objc; path = main.m; sourceTree = "<group>"; };
		50025A491492960F00758A19 /* InformaticsPAL-Prefix.pch */ = {isa = PBXFileReference; lastKnownFileType = sourcecode.c.h; path = "InformaticsPAL-Prefix.pch"; sourceTree = "<group>"; };
		50025A4A1492960F00758A19 /* InformaticsPALAppDelegate.h */ = {isa = PBXFileReference; lastKnownFileType = sourcecode.c.h; path = InformaticsPALAppDelegate.h; sourceTree = "<group>"; };
		50025A4B1492960F00758A19 /* InformaticsPALAppDelegate.m */ = {isa = PBXFileReference; lastKnownFileType = sourcecode.c.objc; path = InformaticsPALAppDelegate.m; sourceTree = "<group>"; };
		50025A5C1492970000758A19 /* ProfilesViewController.h */ = {isa = PBXFileReference; fileEncoding = 4; lastKnownFileType = sourcecode.c.h; path = ProfilesViewController.h; sourceTree = "<group>"; };
		50025A5D1492970000758A19 /* ProfilesViewController.m */ = {isa = PBXFileReference; fileEncoding = 4; lastKnownFileType = sourcecode.c.objc; path = ProfilesViewController.m; sourceTree = "<group>"; };
		50025A5E1492970000758A19 /* ProfilesViewController.xib */ = {isa = PBXFileReference; fileEncoding = 4; lastKnownFileType = file.xib; path = ProfilesViewController.xib; sourceTree = "<group>"; };
		50025A611492975A00758A19 /* TimetableViewController.h */ = {isa = PBXFileReference; fileEncoding = 4; lastKnownFileType = sourcecode.c.h; path = TimetableViewController.h; sourceTree = "<group>"; };
		50025A621492975A00758A19 /* TimetableViewController.m */ = {isa = PBXFileReference; fileEncoding = 4; lastKnownFileType = sourcecode.c.objc; path = TimetableViewController.m; sourceTree = "<group>"; };
		50025A631492975A00758A19 /* TimetableViewController.xib */ = {isa = PBXFileReference; fileEncoding = 4; lastKnownFileType = file.xib; path = TimetableViewController.xib; sourceTree = "<group>"; };
		50025A671492981D00758A19 /* group.png */ = {isa = PBXFileReference; lastKnownFileType = image.png; path = group.png; sourceTree = "<group>"; };
		50025A681492981D00758A19 /* group@2x.png */ = {isa = PBXFileReference; lastKnownFileType = image.png; path = "group@2x.png"; sourceTree = "<group>"; };
		50025A6B1492982C00758A19 /* calendar.png */ = {isa = PBXFileReference; lastKnownFileType = image.png; path = calendar.png; sourceTree = "<group>"; };
		50025A6C1492982C00758A19 /* calendar@2x.png */ = {isa = PBXFileReference; lastKnownFileType = image.png; path = "calendar@2x.png"; sourceTree = "<group>"; };
		5008F04314E92450004A899A /* background.png */ = {isa = PBXFileReference; lastKnownFileType = image.png; path = background.png; sourceTree = "<group>"; };
		501E191714EAFDC000D5D61C /* InformaticsPAL.entitlements */ = {isa = PBXFileReference; lastKnownFileType = text.xml; path = InformaticsPAL.entitlements; sourceTree = "<group>"; };
		5029B73E14E465C800D9345C /* icon.png */ = {isa = PBXFileReference; lastKnownFileType = image.png; path = icon.png; sourceTree = "<group>"; };
		5029B74014E465CB00D9345C /* icon@2x.png */ = {isa = PBXFileReference; lastKnownFileType = image.png; path = "icon@2x.png"; sourceTree = "<group>"; };
		5029B74214E465CE00D9345C /* Default.png */ = {isa = PBXFileReference; lastKnownFileType = image.png; path = Default.png; sourceTree = "<group>"; };
		5029B74414E465D300D9345C /* Default@2x.png */ = {isa = PBXFileReference; lastKnownFileType = image.png; path = "Default@2x.png"; sourceTree = "<group>"; };
		503A8D5514E424EE009D3D18 /* SessionDetailViewController.h */ = {isa = PBXFileReference; fileEncoding = 4; lastKnownFileType = sourcecode.c.h; path = SessionDetailViewController.h; sourceTree = "<group>"; };
		503A8D5614E424EE009D3D18 /* SessionDetailViewController.m */ = {isa = PBXFileReference; fileEncoding = 4; lastKnownFileType = sourcecode.c.objc; path = SessionDetailViewController.m; sourceTree = "<group>"; };
		503A8D5714E424EE009D3D18 /* SessionDetailViewController.xib */ = {isa = PBXFileReference; fileEncoding = 4; lastKnownFileType = file.xib; path = SessionDetailViewController.xib; sourceTree = "<group>"; };
		503A8D5A14E43275009D3D18 /* EventKitUI.framework */ = {isa = PBXFileReference; lastKnownFileType = wrapper.framework; name = EventKitUI.framework; path = System/Library/Frameworks/EventKitUI.framework; sourceTree = SDKROOT; };
		504750931493F8BC00DDE634 /* Profiles.plist */ = {isa = PBXFileReference; fileEncoding = 4; lastKnownFileType = text.plist.xml; path = Profiles.plist; sourceTree = "<group>"; };
		5050952A14E929CF00D78897 /* EddK.png */ = {isa = PBXFileReference; lastKnownFileType = image.png; path = EddK.png; sourceTree = "<group>"; };
		5050952B14E929CF00D78897 /* EddK@2x.png */ = {isa = PBXFileReference; lastKnownFileType = image.png; path = "EddK@2x.png"; sourceTree = "<group>"; };
		5050952E14E92A3A00D78897 /* MaxW.png */ = {isa = PBXFileReference; lastKnownFileType = image.png; path = MaxW.png; sourceTree = "<group>"; };
		5050952F14E92A3A00D78897 /* MaxW@2x.png */ = {isa = PBXFileReference; lastKnownFileType = image.png; path = "MaxW@2x.png"; sourceTree = "<group>"; };
		5050953214E92A8500D78897 /* ChrisE.png */ = {isa = PBXFileReference; lastKnownFileType = image.png; path = ChrisE.png; sourceTree = "<group>"; };
		5050953314E92A8500D78897 /* ChrisE@2x.png */ = {isa = PBXFileReference; lastKnownFileType = image.png; path = "ChrisE@2x.png"; sourceTree = "<group>"; };
		5050953614E92B0100D78897 /* ChrisL.png */ = {isa = PBXFileReference; lastKnownFileType = image.png; path = ChrisL.png; sourceTree = "<group>"; };
		5050953714E92B0100D78897 /* ChrisL@2x.png */ = {isa = PBXFileReference; lastKnownFileType = image.png; path = "ChrisL@2x.png"; sourceTree = "<group>"; };
		5050953814E92B0100D78897 /* LukeC.png */ = {isa = PBXFileReference; lastKnownFileType = image.png; path = LukeC.png; sourceTree = "<group>"; };
		5050953914E92B0100D78897 /* LukeC@2x.png */ = {isa = PBXFileReference; lastKnownFileType = image.png; path = "LukeC@2x.png"; sourceTree = "<group>"; };
		5050953E14E92B5E00D78897 /* RobJ.png */ = {isa = PBXFileReference; lastKnownFileType = image.png; path = RobJ.png; sourceTree = "<group>"; };
		5050953F14E92B5E00D78897 /* RobJ@2x.png */ = {isa = PBXFileReference; lastKnownFileType = image.png; path = "RobJ@2x.png"; sourceTree = "<group>"; };
		5050954214E92B7D00D78897 /* DanielL.png */ = {isa = PBXFileReference; lastKnownFileType = image.png; path = DanielL.png; sourceTree = "<group>"; };
		5050954314E92B7D00D78897 /* DanielL@2x.png */ = {isa = PBXFileReference; lastKnownFileType = image.png; path = "DanielL@2x.png"; sourceTree = "<group>"; };
		5050954614E92BB200D78897 /* GeorgeM.png */ = {isa = PBXFileReference; lastKnownFileType = image.png; path = GeorgeM.png; sourceTree = "<group>"; };
		5050954714E92BB200D78897 /* GeorgeM@2x.png */ = {isa = PBXFileReference; lastKnownFileType = image.png; path = "GeorgeM@2x.png"; sourceTree = "<group>"; };
		50561D3E14E3E93E00BAB564 /* DetailedProfileViewController.h */ = {isa = PBXFileReference; fileEncoding = 4; lastKnownFileType = sourcecode.c.h; path = DetailedProfileViewController.h; sourceTree = "<group>"; };
		50561D3F14E3E93E00BAB564 /* DetailedProfileViewController.m */ = {isa = PBXFileReference; fileEncoding = 4; lastKnownFileType = sourcecode.c.objc; path = DetailedProfileViewController.m; sourceTree = "<group>"; };
		50561D4014E3E93E00BAB564 /* DetailedProfileViewController.xib */ = {isa = PBXFileReference; fileEncoding = 4; lastKnownFileType = file.xib; path = DetailedProfileViewController.xib; sourceTree = "<group>"; };
		505CE28D14A0B28200AC1D50 /* Courses.plist */ = {isa = PBXFileReference; fileEncoding = 4; lastKnownFileType = text.plist.xml; path = Courses.plist; sourceTree = "<group>"; };
		506EB4A214E45BC9000E0A5D /* WebViewController.h */ = {isa = PBXFileReference; fileEncoding = 4; lastKnownFileType = sourcecode.c.h; path = WebViewController.h; sourceTree = "<group>"; };
		506EB4A314E45BC9000E0A5D /* WebViewController.m */ = {isa = PBXFileReference; fileEncoding = 4; lastKnownFileType = sourcecode.c.objc; path = WebViewController.m; sourceTree = "<group>"; };
		506EB4A614E45BE1000E0A5D /* WebViewController.xib */ = {isa = PBXFileReference; fileEncoding = 4; lastKnownFileType = file.xib; path = WebViewController.xib; sourceTree = "<group>"; };
		5072299814F6AB6800EC640E /* SettingsViewController.h */ = {isa = PBXFileReference; fileEncoding = 4; lastKnownFileType = sourcecode.c.h; path = SettingsViewController.h; sourceTree = "<group>"; };
		5072299914F6AB6800EC640E /* SettingsViewController.m */ = {isa = PBXFileReference; fileEncoding = 4; lastKnownFileType = sourcecode.c.objc; path = SettingsViewController.m; sourceTree = "<group>"; };
		5072299A14F6AB6800EC640E /* SettingsViewController.xib */ = {isa = PBXFileReference; fileEncoding = 4; lastKnownFileType = file.xib; path = SettingsViewController.xib; sourceTree = "<group>"; };
		5072299D14F6AC0A00EC640E /* gear.png */ = {isa = PBXFileReference; lastKnownFileType = image.png; path = gear.png; sourceTree = "<group>"; };
		5072299E14F6AC0A00EC640E /* gear@2x.png */ = {isa = PBXFileReference; lastKnownFileType = image.png; path = "gear@2x.png"; sourceTree = "<group>"; };
		507229A114F6AFF700EC640E /* Settings.plist */ = {isa = PBXFileReference; fileEncoding = 4; lastKnownFileType = text.plist.xml; path = Settings.plist; sourceTree = "<group>"; };
		50821F3414E56C9900336A1F /* CFNetwork.framework */ = {isa = PBXFileReference; lastKnownFileType = wrapper.framework; name = CFNetwork.framework; path = System/Library/Frameworks/CFNetwork.framework; sourceTree = SDKROOT; };
		50821F3614E56CA900336A1F /* MobileCoreServices.framework */ = {isa = PBXFileReference; lastKnownFileType = wrapper.framework; name = MobileCoreServices.framework; path = System/Library/Frameworks/MobileCoreServices.framework; sourceTree = SDKROOT; };
		50821F3814E56CB000336A1F /* Security.framework */ = {isa = PBXFileReference; lastKnownFileType = wrapper.framework; name = Security.framework; path = System/Library/Frameworks/Security.framework; sourceTree = SDKROOT; };
		50821F3A14E56CBE00336A1F /* SystemConfiguration.framework */ = {isa = PBXFileReference; lastKnownFileType = wrapper.framework; name = SystemConfiguration.framework; path = System/Library/Frameworks/SystemConfiguration.framework; sourceTree = SDKROOT; };
		50821F3C14E56CC600336A1F /* libz.dylib */ = {isa = PBXFileReference; lastKnownFileType = "compiled.mach-o.dylib"; name = libz.dylib; path = usr/lib/libz.dylib; sourceTree = SDKROOT; };
		50821F3E14E56CCF00336A1F /* libsqlite3.dylib */ = {isa = PBXFileReference; lastKnownFileType = "compiled.mach-o.dylib"; name = libsqlite3.dylib; path = usr/lib/libsqlite3.dylib; sourceTree = SDKROOT; };
		50821F4014E56CD300336A1F /* CoreTelephony.framework */ = {isa = PBXFileReference; lastKnownFileType = wrapper.framework; name = CoreTelephony.framework; path = System/Library/Frameworks/CoreTelephony.framework; sourceTree = SDKROOT; };
		50821F4214E56CDB00336A1F /* StoreKit.framework */ = {isa = PBXFileReference; lastKnownFileType = wrapper.framework; name = StoreKit.framework; path = System/Library/Frameworks/StoreKit.framework; sourceTree = SDKROOT; };
		50821F5214E5A12400336A1F /* Reachability.h */ = {isa = PBXFileReference; fileEncoding = 4; lastKnownFileType = sourcecode.c.h; path = Reachability.h; sourceTree = "<group>"; };
		50821F5314E5A12400336A1F /* Reachability.m */ = {isa = PBXFileReference; fileEncoding = 4; lastKnownFileType = sourcecode.c.objc; path = Reachability.m; sourceTree = "<group>"; };
		50F10C1114E92BF5001BFF55 /* SamR.png */ = {isa = PBXFileReference; lastKnownFileType = image.png; path = SamR.png; sourceTree = "<group>"; };
		50F10C1214E92BF5001BFF55 /* SamR@2x.png */ = {isa = PBXFileReference; lastKnownFileType = image.png; path = "SamR@2x.png"; sourceTree = "<group>"; };
		50F10C1614E92C13001BFF55 /* SeanC.png */ = {isa = PBXFileReference; lastKnownFileType = image.png; path = SeanC.png; sourceTree = "<group>"; };
		50F10C1714E92C13001BFF55 /* SeanC@2x.png */ = {isa = PBXFileReference; lastKnownFileType = image.png; path = "SeanC@2x.png"; sourceTree = "<group>"; };
		50F10C1A14E92C5E001BFF55 /* OllieG.png */ = {isa = PBXFileReference; lastKnownFileType = image.png; path = OllieG.png; sourceTree = "<group>"; };
		50F10C1B14E92C5E001BFF55 /* OllieG@2x.png */ = {isa = PBXFileReference; lastKnownFileType = image.png; path = "OllieG@2x.png"; sourceTree = "<group>"; };
		50F10C1E14E92C83001BFF55 /* MaxH.png */ = {isa = PBXFileReference; lastKnownFileType = image.png; path = MaxH.png; sourceTree = "<group>"; };
		50F10C1F14E92C83001BFF55 /* MaxH@2x.png */ = {isa = PBXFileReference; lastKnownFileType = image.png; path = "MaxH@2x.png"; sourceTree = "<group>"; };
/* End PBXFileReference section */

/* Begin PBXFrameworksBuildPhase section */
		50025A341492960F00758A19 /* Frameworks */ = {
			isa = PBXFrameworksBuildPhase;
			buildActionMask = 2147483647;
			files = (
				50821F5514E5A14A00336A1F /* SystemConfiguration.framework in Frameworks */,
				503A8D5B14E43275009D3D18 /* EventKitUI.framework in Frameworks */,
				50025A3C1492960F00758A19 /* UIKit.framework in Frameworks */,
				50025A3E1492960F00758A19 /* Foundation.framework in Frameworks */,
				50025A401492960F00758A19 /* CoreGraphics.framework in Frameworks */,
			);
			runOnlyForDeploymentPostprocessing = 0;
		};
/* End PBXFrameworksBuildPhase section */

/* Begin PBXGroup section */
		50025A2C1492960E00758A19 = {
			isa = PBXGroup;
			children = (
				50025A66149297F100758A19 /* Images */,
				50025A411492960F00758A19 /* InformaticsPAL */,
				50025A3A1492960F00758A19 /* Frameworks */,
				50025A381492960F00758A19 /* Products */,
			);
			sourceTree = "<group>";
		};
		50025A381492960F00758A19 /* Products */ = {
			isa = PBXGroup;
			children = (
				50025A371492960F00758A19 /* InformaticsPAL.app */,
			);
			name = Products;
			sourceTree = "<group>";
		};
		50025A3A1492960F00758A19 /* Frameworks */ = {
			isa = PBXGroup;
			children = (
				50821F4214E56CDB00336A1F /* StoreKit.framework */,
				50821F4014E56CD300336A1F /* CoreTelephony.framework */,
				50821F3E14E56CCF00336A1F /* libsqlite3.dylib */,
				50821F3C14E56CC600336A1F /* libz.dylib */,
				50821F3A14E56CBE00336A1F /* SystemConfiguration.framework */,
				50821F3814E56CB000336A1F /* Security.framework */,
				50821F3614E56CA900336A1F /* MobileCoreServices.framework */,
				50821F3414E56C9900336A1F /* CFNetwork.framework */,
				503A8D5A14E43275009D3D18 /* EventKitUI.framework */,
				50025A3B1492960F00758A19 /* UIKit.framework */,
				50025A3D1492960F00758A19 /* Foundation.framework */,
				50025A3F1492960F00758A19 /* CoreGraphics.framework */,
			);
			name = Frameworks;
			sourceTree = "<group>";
		};
		50025A411492960F00758A19 /* InformaticsPAL */ = {
			isa = PBXGroup;
			children = (
				501E191714EAFDC000D5D61C /* InformaticsPAL.entitlements */,
				506EB4A214E45BC9000E0A5D /* WebViewController.h */,
				506EB4A614E45BE1000E0A5D /* WebViewController.xib */,
				506EB4A314E45BC9000E0A5D /* WebViewController.m */,
				505CE28B14A0B1BE00AC1D50 /* Timetable */,
				504750911493F8A600DDE634 /* Profiles */,
				5072299614F6AB4B00EC640E /* Settings */,
				50025A4A1492960F00758A19 /* InformaticsPALAppDelegate.h */,
				50025A4B1492960F00758A19 /* InformaticsPALAppDelegate.m */,
				50025A421492960F00758A19 /* Supporting Files */,
				50821F5214E5A12400336A1F /* Reachability.h */,
				50821F5314E5A12400336A1F /* Reachability.m */,
			);
			path = InformaticsPAL;
			sourceTree = "<group>";
		};
		50025A421492960F00758A19 /* Supporting Files */ = {
			isa = PBXGroup;
			children = (
				50025A431492960F00758A19 /* InformaticsPAL-Info.plist */,
				50025A441492960F00758A19 /* InfoPlist.strings */,
				50025A471492960F00758A19 /* main.m */,
				50025A491492960F00758A19 /* InformaticsPAL-Prefix.pch */,
			);
			name = "Supporting Files";
			sourceTree = "<group>";
		};
		50025A66149297F100758A19 /* Images */ = {
			isa = PBXGroup;
			children = (
				5008F04314E92450004A899A /* background.png */,
				5029B74414E465D300D9345C /* Default@2x.png */,
				5029B74214E465CE00D9345C /* Default.png */,
				5029B74014E465CB00D9345C /* icon@2x.png */,
				5029B73E14E465C800D9345C /* icon.png */,
				504750951493FAA400DDE634 /* Leaders */,
				50025A6B1492982C00758A19 /* calendar.png */,
				50025A6C1492982C00758A19 /* calendar@2x.png */,
				50025A671492981D00758A19 /* group.png */,
				50025A681492981D00758A19 /* group@2x.png */,
				5072299D14F6AC0A00EC640E /* gear.png */,
				5072299E14F6AC0A00EC640E /* gear@2x.png */,
			);
			name = Images;
			sourceTree = "<group>";
		};
		504750911493F8A600DDE634 /* Profiles */ = {
			isa = PBXGroup;
			children = (
				50025A5C1492970000758A19 /* ProfilesViewController.h */,
				50025A5D1492970000758A19 /* ProfilesViewController.m */,
				50025A5E1492970000758A19 /* ProfilesViewController.xib */,
				504750931493F8BC00DDE634 /* Profiles.plist */,
				50561D3E14E3E93E00BAB564 /* DetailedProfileViewController.h */,
				50561D3F14E3E93E00BAB564 /* DetailedProfileViewController.m */,
				50561D4014E3E93E00BAB564 /* DetailedProfileViewController.xib */,
			);
			name = Profiles;
			sourceTree = "<group>";
		};
		504750951493FAA400DDE634 /* Leaders */ = {
			isa = PBXGroup;
			children = (
				50F10C1E14E92C83001BFF55 /* MaxH.png */,
				50F10C1F14E92C83001BFF55 /* MaxH@2x.png */,
				50F10C1A14E92C5E001BFF55 /* OllieG.png */,
				50F10C1B14E92C5E001BFF55 /* OllieG@2x.png */,
				50F10C1614E92C13001BFF55 /* SeanC.png */,
				50F10C1714E92C13001BFF55 /* SeanC@2x.png */,
				50F10C1114E92BF5001BFF55 /* SamR.png */,
				50F10C1214E92BF5001BFF55 /* SamR@2x.png */,
				5050954614E92BB200D78897 /* GeorgeM.png */,
				5050954714E92BB200D78897 /* GeorgeM@2x.png */,
				5050954214E92B7D00D78897 /* DanielL.png */,
				5050954314E92B7D00D78897 /* DanielL@2x.png */,
				5050953E14E92B5E00D78897 /* RobJ.png */,
				5050953F14E92B5E00D78897 /* RobJ@2x.png */,
				5050953614E92B0100D78897 /* ChrisL.png */,
				5050953714E92B0100D78897 /* ChrisL@2x.png */,
				5050953814E92B0100D78897 /* LukeC.png */,
				5050953914E92B0100D78897 /* LukeC@2x.png */,
				5050953214E92A8500D78897 /* ChrisE.png */,
				5050953314E92A8500D78897 /* ChrisE@2x.png */,
				5050952E14E92A3A00D78897 /* MaxW.png */,
				5050952F14E92A3A00D78897 /* MaxW@2x.png */,
				5050952A14E929CF00D78897 /* EddK.png */,
				5050952B14E929CF00D78897 /* EddK@2x.png */,
			);
			name = Leaders;
			sourceTree = "<group>";
		};
		505CE28B14A0B1BE00AC1D50 /* Timetable */ = {
			isa = PBXGroup;
			children = (
				50025A611492975A00758A19 /* TimetableViewController.h */,
				50025A621492975A00758A19 /* TimetableViewController.m */,
				50025A631492975A00758A19 /* TimetableViewController.xib */,
				505CE28D14A0B28200AC1D50 /* Courses.plist */,
				503A8D5514E424EE009D3D18 /* SessionDetailViewController.h */,
				503A8D5614E424EE009D3D18 /* SessionDetailViewController.m */,
				503A8D5714E424EE009D3D18 /* SessionDetailViewController.xib */,
			);
			name = Timetable;
			sourceTree = "<group>";
		};
		5072299614F6AB4B00EC640E /* Settings */ = {
			isa = PBXGroup;
			children = (
				5072299814F6AB6800EC640E /* SettingsViewController.h */,
				5072299914F6AB6800EC640E /* SettingsViewController.m */,
				5072299A14F6AB6800EC640E /* SettingsViewController.xib */,
				507229A114F6AFF700EC640E /* Settings.plist */,
			);
			name = Settings;
			sourceTree = "<group>";
		};
/* End PBXGroup section */

/* Begin PBXNativeTarget section */
		50025A361492960F00758A19 /* InformaticsPAL */ = {
			isa = PBXNativeTarget;
			buildConfigurationList = 50025A551492960F00758A19 /* Build configuration list for PBXNativeTarget "InformaticsPAL" */;
			buildPhases = (
				50025A331492960F00758A19 /* Sources */,
				50025A341492960F00758A19 /* Frameworks */,
				50025A351492960F00758A19 /* Resources */,
			);
			buildRules = (
			);
			dependencies = (
			);
			name = InformaticsPAL;
			productName = InformaticsPAL;
			productReference = 50025A371492960F00758A19 /* InformaticsPAL.app */;
			productType = "com.apple.product-type.application";
		};
/* End PBXNativeTarget section */

/* Begin PBXProject section */
		50025A2E1492960E00758A19 /* Project object */ = {
			isa = PBXProject;
			attributes = {
				LastUpgradeCheck = 0420;
			};
			buildConfigurationList = 50025A311492960E00758A19 /* Build configuration list for PBXProject "InformaticsPAL" */;
			compatibilityVersion = "Xcode 3.2";
			developmentRegion = English;
			hasScannedForEncodings = 0;
			knownRegions = (
				en,
			);
			mainGroup = 50025A2C1492960E00758A19;
			productRefGroup = 50025A381492960F00758A19 /* Products */;
			projectDirPath = "";
			projectRoot = "";
			targets = (
				50025A361492960F00758A19 /* InformaticsPAL */,
			);
		};
/* End PBXProject section */

/* Begin PBXResourcesBuildPhase section */
		50025A351492960F00758A19 /* Resources */ = {
			isa = PBXResourcesBuildPhase;
			buildActionMask = 2147483647;
			files = (
				50025A461492960F00758A19 /* InfoPlist.strings in Resources */,
				50025A601492970000758A19 /* ProfilesViewController.xib in Resources */,
				50025A651492975A00758A19 /* TimetableViewController.xib in Resources */,
				50025A691492981D00758A19 /* group.png in Resources */,
				50025A6A1492981D00758A19 /* group@2x.png in Resources */,
				50025A6D1492982C00758A19 /* calendar.png in Resources */,
				50025A6E1492982C00758A19 /* calendar@2x.png in Resources */,
				504750941493F8BC00DDE634 /* Profiles.plist in Resources */,
				505CE28E14A0B28200AC1D50 /* Courses.plist in Resources */,
				50561D4214E3E93E00BAB564 /* DetailedProfileViewController.xib in Resources */,
				503A8D5914E424EE009D3D18 /* SessionDetailViewController.xib in Resources */,
				506EB4A714E45BE1000E0A5D /* WebViewController.xib in Resources */,
				5029B73F14E465C800D9345C /* icon.png in Resources */,
				5029B74114E465CB00D9345C /* icon@2x.png in Resources */,
				5029B74314E465CE00D9345C /* Default.png in Resources */,
				5029B74514E465D300D9345C /* Default@2x.png in Resources */,
				5008F04414E92450004A899A /* background.png in Resources */,
				5050952C14E929CF00D78897 /* EddK.png in Resources */,
				5050952D14E929CF00D78897 /* EddK@2x.png in Resources */,
				5050953014E92A3A00D78897 /* MaxW.png in Resources */,
				5050953114E92A3A00D78897 /* MaxW@2x.png in Resources */,
				5050953414E92A8500D78897 /* ChrisE.png in Resources */,
				5050953514E92A8500D78897 /* ChrisE@2x.png in Resources */,
				5050953A14E92B0100D78897 /* ChrisL.png in Resources */,
				5050953B14E92B0100D78897 /* ChrisL@2x.png in Resources */,
				5050953C14E92B0100D78897 /* LukeC.png in Resources */,
				5050953D14E92B0100D78897 /* LukeC@2x.png in Resources */,
				5050954014E92B5E00D78897 /* RobJ.png in Resources */,
				5050954114E92B5E00D78897 /* RobJ@2x.png in Resources */,
				5050954414E92B7D00D78897 /* DanielL.png in Resources */,
				5050954514E92B7D00D78897 /* DanielL@2x.png in Resources */,
				5050954814E92BB200D78897 /* GeorgeM.png in Resources */,
				5050954914E92BB200D78897 /* GeorgeM@2x.png in Resources */,
				50F10C1314E92BF5001BFF55 /* SamR.png in Resources */,
				50F10C1414E92BF5001BFF55 /* SamR@2x.png in Resources */,
				50F10C1814E92C14001BFF55 /* SeanC.png in Resources */,
				50F10C1914E92C14001BFF55 /* SeanC@2x.png in Resources */,
				50F10C1C14E92C5E001BFF55 /* OllieG.png in Resources */,
				50F10C1D14E92C5E001BFF55 /* OllieG@2x.png in Resources */,
				50F10C2014E92C83001BFF55 /* MaxH.png in Resources */,
				50F10C2114E92C83001BFF55 /* MaxH@2x.png in Resources */,
				5072299C14F6AB6800EC640E /* SettingsViewController.xib in Resources */,
				5072299F14F6AC0A00EC640E /* gear.png in Resources */,
				507229A014F6AC0A00EC640E /* gear@2x.png in Resources */,
				507229A214F6AFF700EC640E /* Settings.plist in Resources */,
			);
			runOnlyForDeploymentPostprocessing = 0;
		};
/* End PBXResourcesBuildPhase section */

/* Begin PBXSourcesBuildPhase section */
		50025A331492960F00758A19 /* Sources */ = {
			isa = PBXSourcesBuildPhase;
			buildActionMask = 2147483647;
			files = (
				50025A481492960F00758A19 /* main.m in Sources */,
				50025A4C1492960F00758A19 /* InformaticsPALAppDelegate.m in Sources */,
				50025A5F1492970000758A19 /* ProfilesViewController.m in Sources */,
				50025A641492975A00758A19 /* TimetableViewController.m in Sources */,
				50561D4114E3E93E00BAB564 /* DetailedProfileViewController.m in Sources */,
				503A8D5814E424EE009D3D18 /* SessionDetailViewController.m in Sources */,
				506EB4A414E45BC9000E0A5D /* WebViewController.m in Sources */,
				50821F5414E5A12400336A1F /* Reachability.m in Sources */,
				5072299B14F6AB6800EC640E /* SettingsViewController.m in Sources */,
			);
			runOnlyForDeploymentPostprocessing = 0;
		};
/* End PBXSourcesBuildPhase section */

/* Begin PBXVariantGroup section */
		50025A441492960F00758A19 /* InfoPlist.strings */ = {
			isa = PBXVariantGroup;
			children = (
				50025A451492960F00758A19 /* en */,
			);
			name = InfoPlist.strings;
			sourceTree = "<group>";
		};
/* End PBXVariantGroup section */

/* Begin XCBuildConfiguration section */
		50025A531492960F00758A19 /* Debug */ = {
			isa = XCBuildConfiguration;
			buildSettings = {
				ALWAYS_SEARCH_USER_PATHS = NO;
				ARCHS = "$(ARCHS_STANDARD_32_BIT)";
				CLANG_ENABLE_OBJC_ARC = YES;
				"CODE_SIGN_IDENTITY[sdk=iphoneos*]" = "iPhone Developer";
				COPY_PHASE_STRIP = NO;
				GCC_C_LANGUAGE_STANDARD = gnu99;
				GCC_DYNAMIC_NO_PIC = NO;
				GCC_OPTIMIZATION_LEVEL = 0;
				GCC_PREPROCESSOR_DEFINITIONS = (
					"DEBUG=1",
					"$(inherited)",
				);
				GCC_SYMBOLS_PRIVATE_EXTERN = NO;
				GCC_VERSION = com.apple.compilers.llvm.clang.1_0;
				GCC_WARN_ABOUT_MISSING_PROTOTYPES = YES;
				GCC_WARN_ABOUT_RETURN_TYPE = YES;
				GCC_WARN_UNUSED_VARIABLE = YES;
				IPHONEOS_DEPLOYMENT_TARGET = 5.0;
				SDKROOT = iphoneos;
			};
			name = Debug;
		};
		50025A541492960F00758A19 /* Release */ = {
			isa = XCBuildConfiguration;
			buildSettings = {
				ALWAYS_SEARCH_USER_PATHS = NO;
				ARCHS = "$(ARCHS_STANDARD_32_BIT)";
				CLANG_ENABLE_OBJC_ARC = YES;
				"CODE_SIGN_IDENTITY[sdk=iphoneos*]" = "iPhone Developer";
				COPY_PHASE_STRIP = YES;
				GCC_C_LANGUAGE_STANDARD = gnu99;
				GCC_VERSION = com.apple.compilers.llvm.clang.1_0;
				GCC_WARN_ABOUT_MISSING_PROTOTYPES = YES;
				GCC_WARN_ABOUT_RETURN_TYPE = YES;
				GCC_WARN_UNUSED_VARIABLE = YES;
				IPHONEOS_DEPLOYMENT_TARGET = 5.0;
				OTHER_CFLAGS = "-DNS_BLOCK_ASSERTIONS=1";
				SDKROOT = iphoneos;
				VALIDATE_PRODUCT = YES;
			};
			name = Release;
		};
		50025A561492960F00758A19 /* Debug */ = {
			isa = XCBuildConfiguration;
			buildSettings = {
				CODE_SIGN_IDENTITY = "iPhone Developer: Max Woolf (35C7AH5D5T)";
				"CODE_SIGN_IDENTITY[sdk=iphoneos*]" = "iPhone Developer: Max Woolf (35C7AH5D5T)";
				GCC_PRECOMPILE_PREFIX_HEADER = YES;
				GCC_PREFIX_HEADER = "InformaticsPAL/InformaticsPAL-Prefix.pch";
				INFOPLIST_FILE = "InformaticsPAL/InformaticsPAL-Info.plist";
				LIBRARY_SEARCH_PATHS = "$(inherited)";
				PRODUCT_NAME = "$(TARGET_NAME)";
				PROVISIONING_PROFILE = "92E7DA7D-5C0B-465E-ACDC-CB5B58058626";
				"PROVISIONING_PROFILE[sdk=iphoneos*]" = "92E7DA7D-5C0B-465E-ACDC-CB5B58058626";
				VERSIONING_SYSTEM = "";
				WRAPPER_EXTENSION = app;
			};
			name = Debug;
		};
		50025A571492960F00758A19 /* Release */ = {
			isa = XCBuildConfiguration;
			buildSettings = {
				CODE_SIGN_IDENTITY = "iPhone Distribution: Max Woolf";
				GCC_PRECOMPILE_PREFIX_HEADER = YES;
				GCC_PREFIX_HEADER = "InformaticsPAL/InformaticsPAL-Prefix.pch";
				INFOPLIST_FILE = "InformaticsPAL/InformaticsPAL-Info.plist";
				LIBRARY_SEARCH_PATHS = "$(inherited)";
				PRODUCT_NAME = "$(TARGET_NAME)";
				PROVISIONING_PROFILE = "53BCE390-AF79-4F9B-8B91-A648584A4D0F";
				VERSIONING_SYSTEM = "";
				WRAPPER_EXTENSION = app;
			};
			name = Release;
		};
/* End XCBuildConfiguration section */

/* Begin XCConfigurationList section */
		50025A311492960E00758A19 /* Build configuration list for PBXProject "InformaticsPAL" */ = {
			isa = XCConfigurationList;
			buildConfigurations = (
				50025A531492960F00758A19 /* Debug */,
				50025A541492960F00758A19 /* Release */,
			);
			defaultConfigurationIsVisible = 0;
			defaultConfigurationName = Release;
		};
		50025A551492960F00758A19 /* Build configuration list for PBXNativeTarget "InformaticsPAL" */ = {
			isa = XCConfigurationList;
			buildConfigurations = (
				50025A561492960F00758A19 /* Debug */,
				50025A571492960F00758A19 /* Release */,
			);
			defaultConfigurationIsVisible = 0;
			defaultConfigurationName = Release;
		};
/* End XCConfigurationList section */
	};
	rootObject = 50025A2E1492960E00758A19 /* Project object */;
}
